
Microsoft Visual Studio Solution File, Format Version 12.00
# Visual Studio Version 17
VisualStudioVersion = 17.7.34024.191
MinimumVisualStudioVersion = 10.0.40219.1
Project("{FAE04EC0-301F-11D3-BF4B-00C04F79EFBC}") = "Lab_rab_3", "Lab_rab_3\Lab_rab_3.csproj", "{70F47386-DBBD-452E-B3CD-EF44FB438EEC}"
EndProject
Global
	GlobalSection(SolutionConfigurationPlatforms) = preSolution
		Debug|Any CPU = Debug|Any CPU
		Release|Any CPU = Release|Any CPU
	EndGlobalSection
	GlobalSection(ProjectConfigurationPlatforms) = postSolution
		{70F47386-DBBD-452E-B3CD-EF44FB438EEC}.Debug|Any CPU.ActiveCfg = Debug|Any CPU
		{70F47386-DBBD-452E-B3CD-EF44FB438EEC}.Debug|Any CPU.Build.0 = Debug|Any CPU
		{70F47386-DBBD-452E-B3CD-EF44FB438EEC}.Release|Any CPU.ActiveCfg = Release|Any CPU
		{70F47386-DBBD-452E-B3CD-EF44FB438EEC}.Release|Any CPU.Build.0 = Release|Any CPU
	EndGlobalSection
	GlobalSection(SolutionProperties) = preSolution
		HideSolutionNode = FALSE
	EndGlobalSection
	GlobalSection(ExtensibilityGlobals) = postSolution
		SolutionGuid = {C089CE76-DDD2-483F-8D13-D0B28C6BC00F}
	EndGlobalSection
EndGlobal
